
Microsoft Visual Studio Solution File, Format Version 12.00
# Visual Studio Version 16
VisualStudioVersion = 16.0.30320.27
MinimumVisualStudioVersion = 10.0.40219.1
Project("{FAE04EC0-301F-11D3-BF4B-00C04F79EFBC}") = "SSDThu.Web", "SSDThu.Web\SSDThu.Web.csproj", "{983AB0F9-40F1-4821-80E9-6C6D3954E037}"
EndProject
Project("{FAE04EC0-301F-11D3-BF4B-00C04F79EFBC}") = "SSDThu.Common", "SSDThu.Common\SSDThu.Common.csproj", "{D9E95D2F-5513-4D9F-911C-75191B9AF47F}"
EndProject
Project("{FAE04EC0-301F-11D3-BF4B-00C04F79EFBC}") = "SSDThu.Data", "SSDThu.Data\SSDThu.Data.csproj", "{A274A4E5-D8D6-4B33-BBBD-88574D807778}"
EndProject
Project("{FAE04EC0-301F-11D3-BF4B-00C04F79EFBC}") = "SSDThu.Model", "SSDThu.Model\SSDThu.Model.csproj", "{591302C2-C821-4340-9DD2-93838816D475}"
EndProject
Project("{FAE04EC0-301F-11D3-BF4B-00C04F79EFBC}") = "SSDThu.Service", "SSDThu.Service\SSDThu.Service.csproj", "{F343BEEF-A9D7-49A2-AE07-40020AB84C6A}"
EndProject
Global
	GlobalSection(SolutionConfigurationPlatforms) = preSolution
		Debug|Any CPU = Debug|Any CPU
		Release|Any CPU = Release|Any CPU
	EndGlobalSection
	GlobalSection(ProjectConfigurationPlatforms) = postSolution
		{983AB0F9-40F1-4821-80E9-6C6D3954E037}.Debug|Any CPU.ActiveCfg = Debug|Any CPU
		{983AB0F9-40F1-4821-80E9-6C6D3954E037}.Debug|Any CPU.Build.0 = Debug|Any CPU
		{983AB0F9-40F1-4821-80E9-6C6D3954E037}.Release|Any CPU.ActiveCfg = Release|Any CPU
		{983AB0F9-40F1-4821-80E9-6C6D3954E037}.Release|Any CPU.Build.0 = Release|Any CPU
		{D9E95D2F-5513-4D9F-911C-75191B9AF47F}.Debug|Any CPU.ActiveCfg = Debug|Any CPU
		{D9E95D2F-5513-4D9F-911C-75191B9AF47F}.Debug|Any CPU.Build.0 = Debug|Any CPU
		{D9E95D2F-5513-4D9F-911C-75191B9AF47F}.Release|Any CPU.ActiveCfg = Release|Any CPU
		{D9E95D2F-5513-4D9F-911C-75191B9AF47F}.Release|Any CPU.Build.0 = Release|Any CPU
		{A274A4E5-D8D6-4B33-BBBD-88574D807778}.Debug|Any CPU.ActiveCfg = Debug|Any CPU
		{A274A4E5-D8D6-4B33-BBBD-88574D807778}.Debug|Any CPU.Build.0 = Debug|Any CPU
		{A274A4E5-D8D6-4B33-BBBD-88574D807778}.Release|Any CPU.ActiveCfg = Release|Any CPU
		{A274A4E5-D8D6-4B33-BBBD-88574D807778}.Release|Any CPU.Build.0 = Release|Any CPU
		{591302C2-C821-4340-9DD2-93838816D475}.Debug|Any CPU.ActiveCfg = Debug|Any CPU
		{591302C2-C821-4340-9DD2-93838816D475}.Debug|Any CPU.Build.0 = Debug|Any CPU
		{591302C2-C821-4340-9DD2-93838816D475}.Release|Any CPU.ActiveCfg = Release|Any CPU
		{591302C2-C821-4340-9DD2-93838816D475}.Release|Any CPU.Build.0 = Release|Any CPU
		{F343BEEF-A9D7-49A2-AE07-40020AB84C6A}.Debug|Any CPU.ActiveCfg = Debug|Any CPU
		{F343BEEF-A9D7-49A2-AE07-40020AB84C6A}.Debug|Any CPU.Build.0 = Debug|Any CPU
		{F343BEEF-A9D7-49A2-AE07-40020AB84C6A}.Release|Any CPU.ActiveCfg = Release|Any CPU
		{F343BEEF-A9D7-49A2-AE07-40020AB84C6A}.Release|Any CPU.Build.0 = Release|Any CPU
	EndGlobalSection
	GlobalSection(SolutionProperties) = preSolution
		HideSolutionNode = FALSE
	EndGlobalSection
	GlobalSection(ExtensibilityGlobals) = postSolution
		SolutionGuid = {AF56E944-25EE-40EB-B756-5326BB3657D7}
	EndGlobalSection
EndGlobal
